PODS:
  - Flutter (1.0.0)
  - flutter_google_street_view (1.0.0):
    - Flutter
    - GoogleMaps
  - GoogleMaps (5.2.0):
    - GoogleMaps/Maps (= 5.2.0)
  - GoogleMaps/Base (5.2.0)
  - GoogleMaps/Maps (5.2.0):
    - GoogleMaps/Base

DEPENDENCIES:
  - Flutter (from `Flutter`)
  - flutter_google_street_view (from `.symlinks/plugins/flutter_google_street_view/ios`)

SPEC REPOS:
  trunk:
    - GoogleMaps

EXTERNAL SOURCES:
  Flutter:
    :path: Flutter
  flutter_google_street_view:
    :path: ".symlinks/plugins/flutter_google_street_view/ios"

SPEC CHECKSUMS:
  Flutter: f04841e97a9d0b0a8025694d0796dd46242b2854
  flutter_google_street_view: 40cf05d8d407185e922550f15ab8ad2218c174c6
  GoogleMaps: 025272d5876d3b32604e5c080dc25eaf68764693

PODFILE CHECKSUM: 70d9d25280d0dd177a5f637cdb0f0b0b12c6a189

COCOAPODS: 1.12.1
